
Microsoft Visual Studio Solution File, Format Version 12.00
# Visual Studio Version 17
VisualStudioVersion = 17.13.35931.197
MinimumVisualStudioVersion = 10.0.40219.1
Project("{FAE04EC0-301F-11D3-BF4B-00C04F79EFBC}") = "ExpenseTrack.Api", "ExpenseTrack.Api\ExpenseTrack.Api.csproj", "{EDBADA77-B8E7-415C-BE6B-1E7D9C8301B0}"
EndProject
Project("{2150E333-8FDC-42A3-9474-1A3956D46DE8}") = "Infrastructure", "Infrastructure", "{02EA681E-C7D8-13C7-8484-4AC65E1B71E8}"
EndProject
Project("{2150E333-8FDC-42A3-9474-1A3956D46DE8}") = "Base", "Base", "{A4D5F9E7-E571-4987-858D-AD7CD19AD7F1}"
EndProject
Project("{FAE04EC0-301F-11D3-BF4B-00C04F79EFBC}") = "Base", "Base\Base.csproj", "{1DF879C1-E3AE-427A-9E37-8BCB96E3BC48}"
EndProject
Project("{2150E333-8FDC-42A3-9474-1A3956D46DE8}") = "Schema", "Schema", "{D233CC81-25B1-4ADA-AED7-CC992AC193C9}"
EndProject
Project("{FAE04EC0-301F-11D3-BF4B-00C04F79EFBC}") = "Schema", "Schema\Schema.csproj", "{0ACBC184-0F2C-4264-839A-A30BB3DEF222}"
EndProject
Global
	GlobalSection(SolutionConfigurationPlatforms) = preSolution
		Debug|Any CPU = Debug|Any CPU
		Release|Any CPU = Release|Any CPU
	EndGlobalSection
	GlobalSection(ProjectConfigurationPlatforms) = postSolution
		{EDBADA77-B8E7-415C-BE6B-1E7D9C8301B0}.Debug|Any CPU.ActiveCfg = Debug|Any CPU
		{EDBADA77-B8E7-415C-BE6B-1E7D9C8301B0}.Debug|Any CPU.Build.0 = Debug|Any CPU
		{EDBADA77-B8E7-415C-BE6B-1E7D9C8301B0}.Release|Any CPU.ActiveCfg = Release|Any CPU
		{EDBADA77-B8E7-415C-BE6B-1E7D9C8301B0}.Release|Any CPU.Build.0 = Release|Any CPU
		{1DF879C1-E3AE-427A-9E37-8BCB96E3BC48}.Debug|Any CPU.ActiveCfg = Debug|Any CPU
		{1DF879C1-E3AE-427A-9E37-8BCB96E3BC48}.Debug|Any CPU.Build.0 = Debug|Any CPU
		{1DF879C1-E3AE-427A-9E37-8BCB96E3BC48}.Release|Any CPU.ActiveCfg = Release|Any CPU
		{1DF879C1-E3AE-427A-9E37-8BCB96E3BC48}.Release|Any CPU.Build.0 = Release|Any CPU
		{0ACBC184-0F2C-4264-839A-A30BB3DEF222}.Debug|Any CPU.ActiveCfg = Debug|Any CPU
		{0ACBC184-0F2C-4264-839A-A30BB3DEF222}.Debug|Any CPU.Build.0 = Debug|Any CPU
		{0ACBC184-0F2C-4264-839A-A30BB3DEF222}.Release|Any CPU.ActiveCfg = Release|Any CPU
		{0ACBC184-0F2C-4264-839A-A30BB3DEF222}.Release|Any CPU.Build.0 = Release|Any CPU
	EndGlobalSection
	GlobalSection(SolutionProperties) = preSolution
		HideSolutionNode = FALSE
	EndGlobalSection
	GlobalSection(NestedProjects) = preSolution
		{1DF879C1-E3AE-427A-9E37-8BCB96E3BC48} = {A4D5F9E7-E571-4987-858D-AD7CD19AD7F1}
		{0ACBC184-0F2C-4264-839A-A30BB3DEF222} = {D233CC81-25B1-4ADA-AED7-CC992AC193C9}
	EndGlobalSection
	GlobalSection(ExtensibilityGlobals) = postSolution
		SolutionGuid = {CFAB316F-1B50-4770-BED0-722FDCAE795E}
	EndGlobalSection
EndGlobal
